// !$*UTF8*$!
{
	archiveVersion = 1;
	classes = {
	};
	objectVersion = 46;
	objects = {

/* Begin PBXBuildFile section */
		7C29B6A51F1F47BB00361BF8 /* Main.storyboard in Resources */ = {isa = PBXBuildFile; fileRef = 7C29B6A31F1F47BB00361BF8 /* Main.storyboard */; };
		7C29B6A71F1F47BB00361BF8 /* Assets.xcassets in Resources */ = {isa = PBXBuildFile; fileRef = 7C29B6A61F1F47BB00361BF8 /* Assets.xcassets */; };
		7C29B6AA1F1F47BB00361BF8 /* LaunchScreen.storyboard in Resources */ = {isa = PBXBuildFile; fileRef = 7C29B6A81F1F47BB00361BF8 /* LaunchScreen.storyboard */; };
		7C29B6B51F1F47BB00361BF8 /* SwiftIMTests.swift in Sources */ = {isa = PBXBuildFile; fileRef = 7C29B6B41F1F47BB00361BF8 /* SwiftIMTests.swift */; };
		7C29B6C01F1F47BB00361BF8 /* SwiftIMUITests.swift in Sources */ = {isa = PBXBuildFile; fileRef = 7C29B6BF1F1F47BB00361BF8 /* SwiftIMUITests.swift */; };
		7C393FB81F21BCBD002CB66C /* Notification.swift in Sources */ = {isa = PBXBuildFile; fileRef = 7C393FB71F21BCBD002CB66C /* Notification.swift */; };
		7C393FBA1F21BDA6002CB66C /* User.swift in Sources */ = {isa = PBXBuildFile; fileRef = 7C393FB91F21BDA6002CB66C /* User.swift */; };
		7C39CAC81F207C0200D3E35A /* LoginViewController.swift in Sources */ = {isa = PBXBuildFile; fileRef = 7C39CAC61F207C0200D3E35A /* LoginViewController.swift */; };
		7C39CAC91F207C0200D3E35A /* LoginViewController.xib in Resources */ = {isa = PBXBuildFile; fileRef = 7C39CAC71F207C0200D3E35A /* LoginViewController.xib */; };
		7C3FB59D1F2582F800047B3A /* SwiftPch.swift in Sources */ = {isa = PBXBuildFile; fileRef = 7C3FB59C1F2582F800047B3A /* SwiftPch.swift */; };
		7C3FB59F1F258E5100047B3A /* Constants.swift in Sources */ = {isa = PBXBuildFile; fileRef = 7C3FB59E1F258E5100047B3A /* Constants.swift */; };
		7C3FB5A31F25965100047B3A /* CheckItem.swift in Sources */ = {isa = PBXBuildFile; fileRef = 7C3FB5A21F25965100047B3A /* CheckItem.swift */; };
		7C3FB5A61F25BE4A00047B3A /* MainViewController.swift in Sources */ = {isa = PBXBuildFile; fileRef = 7C3FB5A41F25BE4A00047B3A /* MainViewController.swift */; };
		7C3FB5A91F25C0AB00047B3A /* mainViewControllerStoryBoard.storyboard in Resources */ = {isa = PBXBuildFile; fileRef = 7C3FB5A81F25C0AB00047B3A /* mainViewControllerStoryBoard.storyboard */; };
		7C3FB5AC1F25D78200047B3A /* MineViewController.swift in Sources */ = {isa = PBXBuildFile; fileRef = 7C3FB5AB1F25D78200047B3A /* MineViewController.swift */; };
		7C7414651F2860F9006CB901 /* SetView.xib in Resources */ = {isa = PBXBuildFile; fileRef = 7C7414641F2860F9006CB901 /* SetView.xib */; };
		7C7414681F286F20006CB901 /* ContainnerViewController.swift in Sources */ = {isa = PBXBuildFile; fileRef = 7C7414671F286F20006CB901 /* ContainnerViewController.swift */; };
		7C74146A1F287526006CB901 /* ViewHolder.swift in Sources */ = {isa = PBXBuildFile; fileRef = 7C7414691F287526006CB901 /* ViewHolder.swift */; };
		7C74146C1F2878B9006CB901 /* OnlinePeople.swift in Sources */ = {isa = PBXBuildFile; fileRef = 7C74146B1F2878B9006CB901 /* OnlinePeople.swift */; };
		7C81B9EE1F2727F5007BCDD8 /* MineViewCell.swift in Sources */ = {isa = PBXBuildFile; fileRef = 7C81B9ED1F2727F5007BCDD8 /* MineViewCell.swift */; };
		7C81B9F11F27287C007BCDD8 /* MineSysData.swift in Sources */ = {isa = PBXBuildFile; fileRef = 7C81B9F01F27287C007BCDD8 /* MineSysData.swift */; };
		7C908E831F28267F0093F5A4 /* MineSystemController.swift in Sources */ = {isa = PBXBuildFile; fileRef = 7C908E811F28267F0093F5A4 /* MineSystemController.swift */; };
		7CB640D81F20326D00306499 /* IMAppDelegate.swift in Sources */ = {isa = PBXBuildFile; fileRef = 7CB640D71F20326D00306499 /* IMAppDelegate.swift */; };
		7CB640EB1F2038FD00306499 /* Calculate.swift in Sources */ = {isa = PBXBuildFile; fileRef = 7CB640DF1F2038FD00306499 /* Calculate.swift */; };
		7CB640EC1F2038FD00306499 /* ColorSet.swift in Sources */ = {isa = PBXBuildFile; fileRef = 7CB640E01F2038FD00306499 /* ColorSet.swift */; };
		7CB640ED1F2038FD00306499 /* Combines.m in Sources */ = {isa = PBXBuildFile; fileRef = 7CB640E21F2038FD00306499 /* Combines.m */; };
		7CB640EE1F2038FD00306499 /* DataFormatterSet.swift in Sources */ = {isa = PBXBuildFile; fileRef = 7CB640E31F2038FD00306499 /* DataFormatterSet.swift */; };
		7CB640EF1F2038FD00306499 /* Exception.swift in Sources */ = {isa = PBXBuildFile; fileRef = 7CB640E41F2038FD00306499 /* Exception.swift */; };
		7CB640F01F2038FD00306499 /* GCDTask.swift in Sources */ = {isa = PBXBuildFile; fileRef = 7CB640E51F2038FD00306499 /* GCDTask.swift */; };
		7CB640F21F2038FD00306499 /* ImageSet.swift in Sources */ = {isa = PBXBuildFile; fileRef = 7CB640E71F2038FD00306499 /* ImageSet.swift */; };
		7CB640F51F2038FD00306499 /* SubString.swift in Sources */ = {isa = PBXBuildFile; fileRef = 7CB640EA1F2038FD00306499 /* SubString.swift */; };
		7CB640F91F203B1400306499 /* AppVersion.swift in Sources */ = {isa = PBXBuildFile; fileRef = 7CB640F81F203B1400306499 /* AppVersion.swift */; };
		7CB640FB1F203F8500306499 /* IMConstants.swift in Sources */ = {isa = PBXBuildFile; fileRef = 7CB640FA1F203F8500306499 /* IMConstants.swift */; };
		B084806E057A8F8C7BC82FB7 /* Pods_SwiftIM.framework in Frameworks */ = {isa = PBXBuildFile; fileRef = 55CB7E78AA4E18D1CEC678A6 /* Pods_SwiftIM.framework */; };
/* End PBXBuildFile section */

/* Begin PBXContainerItemProxy section */
		7C29B6B11F1F47BB00361BF8 /* PBXContainerItemProxy */ = {
			isa = PBXContainerItemProxy;
			containerPortal = 7C29B6941F1F47BB00361BF8 /* Project object */;
			proxyType = 1;
			remoteGlobalIDString = 7C29B69B1F1F47BB00361BF8;
			remoteInfo = SwiftIM;
		};
		7C29B6BC1F1F47BB00361BF8 /* PBXContainerItemProxy */ = {
			isa = PBXContainerItemProxy;
			containerPortal = 7C29B6941F1F47BB00361BF8 /* Project object */;
			proxyType = 1;
			remoteGlobalIDString = 7C29B69B1F1F47BB00361BF8;
			remoteInfo = SwiftIM;
		};
/* End PBXContainerItemProxy section */

/* Begin PBXFileReference section */
		07D294FF3C42D4A2DAF9AF1F /* Pods-SwiftIM.release.xcconfig */ = {isa = PBXFileReference; includeInIndex = 1; lastKnownFileType = text.xcconfig; name = "Pods-SwiftIM.release.xcconfig"; path = "Pods/Target Support Files/Pods-SwiftIM/Pods-SwiftIM.release.xcconfig"; sourceTree = "<group>"; };
		55CB7E78AA4E18D1CEC678A6 /* Pods_SwiftIM.framework */ = {isa = PBXFileReference; explicitFileType = wrapper.framework; includeInIndex = 0; path = Pods_SwiftIM.framework; sourceTree = BUILT_PRODUCTS_DIR; };
		5D373A41B4F96DE036072E18 /* Pods-SwiftIM.debug.xcconfig */ = {isa = PBXFileReference; includeInIndex = 1; lastKnownFileType = text.xcconfig; name = "Pods-SwiftIM.debug.xcconfig"; path = "Pods/Target Support Files/Pods-SwiftIM/Pods-SwiftIM.debug.xcconfig"; sourceTree = "<group>"; };
		7C29B69C1F1F47BB00361BF8 /* SwiftIM.app */ = {isa = PBXFileReference; explicitFileType = wrapper.application; includeInIndex = 0; path = SwiftIM.app; sourceTree = BUILT_PRODUCTS_DIR; };
		7C29B6A41F1F47BB00361BF8 /* Base */ = {isa = PBXFileReference; lastKnownFileType = file.storyboard; name = Base; path = Base.lproj/Main.storyboard; sourceTree = "<group>"; };
		7C29B6A61F1F47BB00361BF8 /* Assets.xcassets */ = {isa = PBXFileReference; lastKnownFileType = folder.assetcatalog; path = Assets.xcassets; sourceTree = "<group>"; };
		7C29B6A91F1F47BB00361BF8 /* Base */ = {isa = PBXFileReference; lastKnownFileType = file.storyboard; name = Base; path = Base.lproj/LaunchScreen.storyboard; sourceTree = "<group>"; };
		7C29B6AB1F1F47BB00361BF8 /* Info.plist */ = {isa = PBXFileReference; lastKnownFileType = text.plist.xml; path = Info.plist; sourceTree = "<group>"; };
		7C29B6B01F1F47BB00361BF8 /* SwiftIMTests.xctest */ = {isa = PBXFileReference; explicitFileType = wrapper.cfbundle; includeInIndex = 0; path = SwiftIMTests.xctest; sourceTree = BUILT_PRODUCTS_DIR; };
		7C29B6B41F1F47BB00361BF8 /* SwiftIMTests.swift */ = {isa = PBXFileReference; lastKnownFileType = sourcecode.swift; path = SwiftIMTests.swift; sourceTree = "<group>"; };
		7C29B6B61F1F47BB00361BF8 /* Info.plist */ = {isa = PBXFileReference; lastKnownFileType = text.plist.xml; path = Info.plist; sourceTree = "<group>"; };
		7C29B6BB1F1F47BB00361BF8 /* SwiftIMUITests.xctest */ = {isa = PBXFileReference; explicitFileType = wrapper.cfbundle; includeInIndex = 0; path = SwiftIMUITests.xctest; sourceTree = BUILT_PRODUCTS_DIR; };
		7C29B6BF1F1F47BB00361BF8 /* SwiftIMUITests.swift */ = {isa = PBXFileReference; lastKnownFileType = sourcecode.swift; path = SwiftIMUITests.swift; sourceTree = "<group>"; };
		7C29B6C11F1F47BB00361BF8 /* Info.plist */ = {isa = PBXFileReference; lastKnownFileType = text.plist.xml; path = Info.plist; sourceTree = "<group>"; };
		7C393FB71F21BCBD002CB66C /* Notification.swift */ = {isa = PBXFileReference; fileEncoding = 4; lastKnownFileType = sourcecode.swift; path = Notification.swift; sourceTree = "<group>"; };
		7C393FB91F21BDA6002CB66C /* User.swift */ = {isa = PBXFileReference; fileEncoding = 4; lastKnownFileType = sourcecode.swift; path = User.swift; sourceTree = "<group>"; };
		7C39CAC61F207C0200D3E35A /* LoginViewController.swift */ = {isa = PBXFileReference; fileEncoding = 4; lastKnownFileType = sourcecode.swift; path = LoginViewController.swift; sourceTree = "<group>"; };
		7C39CAC71F207C0200D3E35A /* LoginViewController.xib */ = {isa = PBXFileReference; fileEncoding = 4; lastKnownFileType = file.xib; path = LoginViewController.xib; sourceTree = "<group>"; };
		7C3FB59C1F2582F800047B3A /* SwiftPch.swift */ = {isa = PBXFileReference; fileEncoding = 4; lastKnownFileType = sourcecode.swift; path = SwiftPch.swift; sourceTree = "<group>"; };
		7C3FB59E1F258E5100047B3A /* Constants.swift */ = {isa = PBXFileReference; fileEncoding = 4; lastKnownFileType = sourcecode.swift; path = Constants.swift; sourceTree = "<group>"; };
		7C3FB5A21F25965100047B3A /* CheckItem.swift */ = {isa = PBXFileReference; fileEncoding = 4; lastKnownFileType = sourcecode.swift; path = CheckItem.swift; sourceTree = "<group>"; };
		7C3FB5A41F25BE4A00047B3A /* MainViewController.swift */ = {isa = PBXFileReference; fileEncoding = 4; lastKnownFileType = sourcecode.swift; path = MainViewController.swift; sourceTree = "<group>"; };
		7C3FB5A81F25C0AB00047B3A /* mainViewControllerStoryBoard.storyboard */ = {isa = PBXFileReference; fileEncoding = 4; lastKnownFileType = file.storyboard; path = mainViewControllerStoryBoard.storyboard; sourceTree = "<group>"; };
		7C3FB5AB1F25D78200047B3A /* MineViewController.swift */ = {isa = PBXFileReference; fileEncoding = 4; lastKnownFileType = sourcecode.swift; path = MineViewController.swift; sourceTree = "<group>"; };
		7C7414641F2860F9006CB901 /* SetView.xib */ = {isa = PBXFileReference; fileEncoding = 4; lastKnownFileType = file.xib; path = SetView.xib; sourceTree = "<group>"; };
		7C7414671F286F20006CB901 /* ContainnerViewController.swift */ = {isa = PBXFileReference; fileEncoding = 4; lastKnownFileType = sourcecode.swift; path = ContainnerViewController.swift; sourceTree = "<group>"; };
		7C7414691F287526006CB901 /* ViewHolder.swift */ = {isa = PBXFileReference; fileEncoding = 4; lastKnownFileType = sourcecode.swift; path = ViewHolder.swift; sourceTree = "<group>"; };
		7C74146B1F2878B9006CB901 /* OnlinePeople.swift */ = {isa = PBXFileReference; fileEncoding = 4; lastKnownFileType = sourcecode.swift; path = OnlinePeople.swift; sourceTree = "<group>"; };
		7C81B9ED1F2727F5007BCDD8 /* MineViewCell.swift */ = {isa = PBXFileReference; fileEncoding = 4; lastKnownFileType = sourcecode.swift; path = MineViewCell.swift; sourceTree = "<group>"; };
		7C81B9F01F27287C007BCDD8 /* MineSysData.swift */ = {isa = PBXFileReference; fileEncoding = 4; lastKnownFileType = sourcecode.swift; path = MineSysData.swift; sourceTree = "<group>"; };
		7C908E811F28267F0093F5A4 /* MineSystemController.swift */ = {isa = PBXFileReference; fileEncoding = 4; lastKnownFileType = sourcecode.swift; path = MineSystemController.swift; sourceTree = "<group>"; };
		7CB640D61F20326D00306499 /* SwiftIM-Bridging-Header.h */ = {isa = PBXFileReference; lastKnownFileType = sourcecode.c.h; path = "SwiftIM-Bridging-Header.h"; sourceTree = "<group>"; };
		7CB640D71F20326D00306499 /* IMAppDelegate.swift */ = {isa = PBXFileReference; fileEncoding = 4; lastKnownFileType = sourcecode.swift; path = IMAppDelegate.swift; sourceTree = "<group>"; };
		7CB640DF1F2038FD00306499 /* Calculate.swift */ = {isa = PBXFileReference; fileEncoding = 4; lastKnownFileType = sourcecode.swift; path = Calculate.swift; sourceTree = "<group>"; };
		7CB640E01F2038FD00306499 /* ColorSet.swift */ = {isa = PBXFileReference; fileEncoding = 4; lastKnownFileType = sourcecode.swift; path = ColorSet.swift; sourceTree = "<group>"; };
		7CB640E11F2038FD00306499 /* Combines.h */ = {isa = PBXFileReference; fileEncoding = 4; lastKnownFileType = sourcecode.c.h; path = Combines.h; sourceTree = "<group>"; };
		7CB640E21F2038FD00306499 /* Combines.m */ = {isa = PBXFileReference; fileEncoding = 4; lastKnownFileType = sourcecode.c.objc; path = Combines.m; sourceTree = "<group>"; };
		7CB640E31F2038FD00306499 /* DataFormatterSet.swift */ = {isa = PBXFileReference; fileEncoding = 4; lastKnownFileType = sourcecode.swift; path = DataFormatterSet.swift; sourceTree = "<group>"; };
		7CB640E41F2038FD00306499 /* Exception.swift */ = {isa = PBXFileReference; fileEncoding = 4; lastKnownFileType = sourcecode.swift; path = Exception.swift; sourceTree = "<group>"; };
		7CB640E51F2038FD00306499 /* GCDTask.swift */ = {isa = PBXFileReference; fileEncoding = 4; lastKnownFileType = sourcecode.swift; path = GCDTask.swift; sourceTree = "<group>"; };
		7CB640E71F2038FD00306499 /* ImageSet.swift */ = {isa = PBXFileReference; fileEncoding = 4; lastKnownFileType = sourcecode.swift; path = ImageSet.swift; sourceTree = "<group>"; };
		7CB640EA1F2038FD00306499 /* SubString.swift */ = {isa = PBXFileReference; fileEncoding = 4; lastKnownFileType = sourcecode.swift; path = SubString.swift; sourceTree = "<group>"; };
		7CB640F81F203B1400306499 /* AppVersion.swift */ = {isa = PBXFileReference; fileEncoding = 4; lastKnownFileType = sourcecode.swift; path = AppVersion.swift; sourceTree = "<group>"; };
		7CB640FA1F203F8500306499 /* IMConstants.swift */ = {isa = PBXFileReference; fileEncoding = 4; lastKnownFileType = sourcecode.swift; path = IMConstants.swift; sourceTree = "<group>"; };
/* End PBXFileReference section */

/* Begin PBXFrameworksBuildPhase section */
		7C29B6991F1F47BB00361BF8 /* Frameworks */ = {
			isa = PBXFrameworksBuildPhase;
			buildActionMask = 2147483647;
			files = (
				B084806E057A8F8C7BC82FB7 /* Pods_SwiftIM.framework in Frameworks */,
			);
			runOnlyForDeploymentPostprocessing = 0;
		};
		7C29B6AD1F1F47BB00361BF8 /* Frameworks */ = {
			isa = PBXFrameworksBuildPhase;
			buildActionMask = 2147483647;
			files = (
			);
			runOnlyForDeploymentPostprocessing = 0;
		};
		7C29B6B81F1F47BB00361BF8 /* Frameworks */ = {
			isa = PBXFrameworksBuildPhase;
			buildActionMask = 2147483647;
			files = (
			);
			runOnlyForDeploymentPostprocessing = 0;
		};
/* End PBXFrameworksBuildPhase section */

/* Begin PBXGroup section */
		16EF6D672B5E06C954224406 /* Frameworks */ = {
			isa = PBXGroup;
			children = (
				55CB7E78AA4E18D1CEC678A6 /* Pods_SwiftIM.framework */,
			);
			name = Frameworks;
			sourceTree = "<group>";
		};
		7C29B6931F1F47BB00361BF8 = {
			isa = PBXGroup;
			children = (
				7C81B9EF1F272848007BCDD8 /* system */,
				7C39CAC51F206E5900D3E35A /* user */,
				7C29B69E1F1F47BB00361BF8 /* SwiftIM */,
				7C29B6B31F1F47BB00361BF8 /* SwiftIMTests */,
				7C29B6BE1F1F47BB00361BF8 /* SwiftIMUITests */,
				7C29B69D1F1F47BB00361BF8 /* Products */,
				8C186EE360B8C6A2CC5AD7B5 /* Pods */,
				16EF6D672B5E06C954224406 /* Frameworks */,
			);
			sourceTree = "<group>";
		};
		7C29B69D1F1F47BB00361BF8 /* Products */ = {
			isa = PBXGroup;
			children = (
				7C29B69C1F1F47BB00361BF8 /* SwiftIM.app */,
				7C29B6B01F1F47BB00361BF8 /* SwiftIMTests.xctest */,
				7C29B6BB1F1F47BB00361BF8 /* SwiftIMUITests.xctest */,
			);
			name = Products;
			sourceTree = "<group>";
		};
		7C29B69E1F1F47BB00361BF8 /* SwiftIM */ = {
			isa = PBXGroup;
			children = (
				7C7414661F286ECC006CB901 /* contanier */,
				7C39CAC21F206C9700D3E35A /* main */,
				7CB640DE1F2038FD00306499 /* Util */,
				7CB640D91F2032CD00306499 /* login */,
				7C29B6A31F1F47BB00361BF8 /* Main.storyboard */,
				7C29B6A61F1F47BB00361BF8 /* Assets.xcassets */,
				7C29B6A81F1F47BB00361BF8 /* LaunchScreen.storyboard */,
				7C29B6AB1F1F47BB00361BF8 /* Info.plist */,
				7CB640D71F20326D00306499 /* IMAppDelegate.swift */,
				7CB640D61F20326D00306499 /* SwiftIM-Bridging-Header.h */,
			);
			path = SwiftIM;
			sourceTree = "<group>";
		};
		7C29B6B31F1F47BB00361BF8 /* SwiftIMTests */ = {
			isa = PBXGroup;
			children = (
				7C29B6B41F1F47BB00361BF8 /* SwiftIMTests.swift */,
				7C29B6B61F1F47BB00361BF8 /* Info.plist */,
			);
			path = SwiftIMTests;
			sourceTree = "<group>";
		};
		7C29B6BE1F1F47BB00361BF8 /* SwiftIMUITests */ = {
			isa = PBXGroup;
			children = (
				7C29B6BF1F1F47BB00361BF8 /* SwiftIMUITests.swift */,
				7C29B6C11F1F47BB00361BF8 /* Info.plist */,
			);
			path = SwiftIMUITests;
			sourceTree = "<group>";
		};
		7C39CAC21F206C9700D3E35A /* main */ = {
			isa = PBXGroup;
			children = (
				7C3FB5AA1F25D76800047B3A /* mine */,
				7C3FB5A41F25BE4A00047B3A /* MainViewController.swift */,
				7C3FB5A81F25C0AB00047B3A /* mainViewControllerStoryBoard.storyboard */,
			);
			path = main;
			sourceTree = "<group>";
		};
		7C39CAC51F206E5900D3E35A /* user */ = {
			isa = PBXGroup;
			children = (
				7C393FB91F21BDA6002CB66C /* User.swift */,
			);
			name = user;
			path = SwiftIM/user;
			sourceTree = "<group>";
		};
		7C3FB5AA1F25D76800047B3A /* mine */ = {
			isa = PBXGroup;
			children = (
				7C3FB5AB1F25D78200047B3A /* MineViewController.swift */,
				7C81B9ED1F2727F5007BCDD8 /* MineViewCell.swift */,
				7C908E811F28267F0093F5A4 /* MineSystemController.swift */,
				7C7414641F2860F9006CB901 /* SetView.xib */,
			);
			path = mine;
			sourceTree = "<group>";
		};
		7C7414661F286ECC006CB901 /* contanier */ = {
			isa = PBXGroup;
			children = (
				7C7414671F286F20006CB901 /* ContainnerViewController.swift */,
				7C7414691F287526006CB901 /* ViewHolder.swift */,
				7C74146B1F2878B9006CB901 /* OnlinePeople.swift */,
			);
			name = contanier;
			path = main/contanier;
			sourceTree = "<group>";
		};
		7C81B9EF1F272848007BCDD8 /* system */ = {
			isa = PBXGroup;
			children = (
				7C81B9F01F27287C007BCDD8 /* MineSysData.swift */,
			);
			name = system;
			path = SwiftIM/system;
			sourceTree = "<group>";
		};
		7CB640D91F2032CD00306499 /* login */ = {
			isa = PBXGroup;
			children = (
				7C39CAC61F207C0200D3E35A /* LoginViewController.swift */,
				7C39CAC71F207C0200D3E35A /* LoginViewController.xib */,
				7C3FB5A21F25965100047B3A /* CheckItem.swift */,
			);
			path = login;
			sourceTree = "<group>";
		};
		7CB640DE1F2038FD00306499 /* Util */ = {
			isa = PBXGroup;
			children = (
				7CB640DF1F2038FD00306499 /* Calculate.swift */,
				7CB640E01F2038FD00306499 /* ColorSet.swift */,
				7CB640E11F2038FD00306499 /* Combines.h */,
				7CB640E21F2038FD00306499 /* Combines.m */,
				7CB640E31F2038FD00306499 /* DataFormatterSet.swift */,
				7CB640E41F2038FD00306499 /* Exception.swift */,
				7CB640E51F2038FD00306499 /* GCDTask.swift */,
				7CB640E71F2038FD00306499 /* ImageSet.swift */,
				7CB640EA1F2038FD00306499 /* SubString.swift */,
				7CB640F81F203B1400306499 /* AppVersion.swift */,
				7CB640FA1F203F8500306499 /* IMConstants.swift */,
				7C393FB71F21BCBD002CB66C /* Notification.swift */,
				7C3FB59C1F2582F800047B3A /* SwiftPch.swift */,
				7C3FB59E1F258E5100047B3A /* Constants.swift */,
			);
			path = Util;
			sourceTree = "<group>";
		};
		8C186EE360B8C6A2CC5AD7B5 /* Pods */ = {
			isa = PBXGroup;
			children = (
				5D373A41B4F96DE036072E18 /* Pods-SwiftIM.debug.xcconfig */,
				07D294FF3C42D4A2DAF9AF1F /* Pods-SwiftIM.release.xcconfig */,
			);
			name = Pods;
			sourceTree = "<group>";
		};
/* End PBXGroup section */

/* Begin PBXNativeTarget section */
		7C29B69B1F1F47BB00361BF8 /* SwiftIM */ = {
			isa = PBXNativeTarget;
			buildConfigurationList = 7C29B6C41F1F47BB00361BF8 /* Build configuration list for PBXNativeTarget "SwiftIM" */;
			buildPhases = (
				EBA0352B67FAD5A27DD98BC1 /* [CP] Check Pods Manifest.lock */,
				7C29B6981F1F47BB00361BF8 /* Sources */,
				7C29B6991F1F47BB00361BF8 /* Frameworks */,
				7C29B69A1F1F47BB00361BF8 /* Resources */,
				0B3604A2D7D04F767160B29E /* [CP] Embed Pods Frameworks */,
				B5BBC1D02E4AA733D6D99DE8 /* [CP] Copy Pods Resources */,
			);
			buildRules = (
			);
			dependencies = (
			);
			name = SwiftIM;
			productName = SwiftIM;
			productReference = 7C29B69C1F1F47BB00361BF8 /* SwiftIM.app */;
			productType = "com.apple.product-type.application";
		};
		7C29B6AF1F1F47BB00361BF8 /* SwiftIMTests */ = {
			isa = PBXNativeTarget;
			buildConfigurationList = 7C29B6C71F1F47BB00361BF8 /* Build configuration list for PBXNativeTarget "SwiftIMTests" */;
			buildPhases = (
				7C29B6AC1F1F47BB00361BF8 /* Sources */,
				7C29B6AD1F1F47BB00361BF8 /* Frameworks */,
				7C29B6AE1F1F47BB00361BF8 /* Resources */,
			);
			buildRules = (
			);
			dependencies = (
				7C29B6B21F1F47BB00361BF8 /* PBXTargetDependency */,
			);
			name = SwiftIMTests;
			productName = SwiftIMTests;
			productReference = 7C29B6B01F1F47BB00361BF8 /* SwiftIMTests.xctest */;
			productType = "com.apple.product-type.bundle.unit-test";
		};
		7C29B6BA1F1F47BB00361BF8 /* SwiftIMUITests */ = {
			isa = PBXNativeTarget;
			buildConfigurationList = 7C29B6CA1F1F47BB00361BF8 /* Build configuration list for PBXNativeTarget "SwiftIMUITests" */;
			buildPhases = (
				7C29B6B71F1F47BB00361BF8 /* Sources */,
				7C29B6B81F1F47BB00361BF8 /* Frameworks */,
				7C29B6B91F1F47BB00361BF8 /* Resources */,
			);
			buildRules = (
			);
			dependencies = (
				7C29B6BD1F1F47BB00361BF8 /* PBXTargetDependency */,
			);
			name = SwiftIMUITests;
			productName = SwiftIMUITests;
			productReference = 7C29B6BB1F1F47BB00361BF8 /* SwiftIMUITests.xctest */;
			productType = "com.apple.product-type.bundle.ui-testing";
		};
/* End PBXNativeTarget section */

/* Begin PBXProject section */
		7C29B6941F1F47BB00361BF8 /* Project object */ = {
			isa = PBXProject;
			attributes = {
				LastSwiftUpdateCheck = 0800;
				LastUpgradeCheck = 0800;
				ORGANIZATIONNAME = rooten;
				TargetAttributes = {
					7C29B69B1F1F47BB00361BF8 = {
						CreatedOnToolsVersion = 8.0;
						DevelopmentTeam = AC38JVAR6N;
						LastSwiftMigration = 0800;
						ProvisioningStyle = Automatic;
					};
					7C29B6AF1F1F47BB00361BF8 = {
						CreatedOnToolsVersion = 8.0;
						DevelopmentTeam = AC38JVAR6N;
						ProvisioningStyle = Automatic;
						TestTargetID = 7C29B69B1F1F47BB00361BF8;
					};
					7C29B6BA1F1F47BB00361BF8 = {
						CreatedOnToolsVersion = 8.0;
						DevelopmentTeam = AC38JVAR6N;
						ProvisioningStyle = Automatic;
						TestTargetID = 7C29B69B1F1F47BB00361BF8;
					};
				};
			};
			buildConfigurationList = 7C29B6971F1F47BB00361BF8 /* Build configuration list for PBXProject "SwiftIM" */;
			compatibilityVersion = "Xcode 3.2";
			developmentRegion = English;
			hasScannedForEncodings = 0;
			knownRegions = (
				en,
				Base,
			);
			mainGroup = 7C29B6931F1F47BB00361BF8;
			productRefGroup = 7C29B69D1F1F47BB00361BF8 /* Products */;
			projectDirPath = "";
			projectRoot = "";
			targets = (
				7C29B69B1F1F47BB00361BF8 /* SwiftIM */,
				7C29B6AF1F1F47BB00361BF8 /* SwiftIMTests */,
				7C29B6BA1F1F47BB00361BF8 /* SwiftIMUITests */,
			);
		};
/* End PBXProject section */

/* Begin PBXResourcesBuildPhase section */
		7C29B69A1F1F47BB00361BF8 /* Resources */ = {
			isa = PBXResourcesBuildPhase;
			buildActionMask = 2147483647;
			files = (
				7C3FB5A91F25C0AB00047B3A /* mainViewControllerStoryBoard.storyboard in Resources */,
				7C39CAC91F207C0200D3E35A /* LoginViewController.xib in Resources */,
				7C29B6AA1F1F47BB00361BF8 /* LaunchScreen.storyboard in Resources */,
				7C29B6A71F1F47BB00361BF8 /* Assets.xcassets in Resources */,
				7C29B6A51F1F47BB00361BF8 /* Main.storyboard in Resources */,
				7C7414651F2860F9006CB901 /* SetView.xib in Resources */,
			);
			runOnlyForDeploymentPostprocessing = 0;
		};
		7C29B6AE1F1F47BB00361BF8 /* Resources */ = {
			isa = PBXResourcesBuildPhase;
			buildActionMask = 2147483647;
			files = (
			);
			runOnlyForDeploymentPostprocessing = 0;
		};
		7C29B6B91F1F47BB00361BF8 /* Resources */ = {
			isa = PBXResourcesBuildPhase;
			buildActionMask = 2147483647;
			files = (
			);
			runOnlyForDeploymentPostprocessing = 0;
		};
/* End PBXResourcesBuildPhase section */

/* Begin PBXShellScriptBuildPhase section */
		0B3604A2D7D04F767160B29E /* [CP] Embed Pods Frameworks */ = {
			isa = PBXShellScriptBuildPhase;
			buildActionMask = 2147483647;
			files = (
			);
			inputPaths = (
			);
			name = "[CP] Embed Pods Frameworks";
			outputPaths = (
			);
			runOnlyForDeploymentPostprocessing = 0;
			shellPath = /bin/sh;
			shellScript = "\"${SRCROOT}/Pods/Target Support Files/Pods-SwiftIM/Pods-SwiftIM-frameworks.sh\"\n";
			showEnvVarsInLog = 0;
		};
		B5BBC1D02E4AA733D6D99DE8 /* [CP] Copy Pods Resources */ = {
			isa = PBXShellScriptBuildPhase;
			buildActionMask = 2147483647;
			files = (
			);
			inputPaths = (
			);
			name = "[CP] Copy Pods Resources";
			outputPaths = (
			);
			runOnlyForDeploymentPostprocessing = 0;
			shellPath = /bin/sh;
			shellScript = "\"${SRCROOT}/Pods/Target Support Files/Pods-SwiftIM/Pods-SwiftIM-resources.sh\"\n";
			showEnvVarsInLog = 0;
		};
		EBA0352B67FAD5A27DD98BC1 /* [CP] Check Pods Manifest.lock */ = {
			isa = PBXShellScriptBuildPhase;
			buildActionMask = 2147483647;
			files = (
			);
			inputPaths = (
			);
			name = "[CP] Check Pods Manifest.lock";
			outputPaths = (
			);
			runOnlyForDeploymentPostprocessing = 0;
			shellPath = /bin/sh;
			shellScript = "diff \"${PODS_PODFILE_DIR_PATH}/Podfile.lock\" \"${PODS_ROOT}/Manifest.lock\" > /dev/null\nif [ $? != 0 ] ; then\n    # print error to STDERR\n    echo \"error: The sandbox is not in sync with the Podfile.lock. Run 'pod install' or update your CocoaPods installation.\" >&2\n    exit 1\nfi\n";
			showEnvVarsInLog = 0;
		};
/* End PBXShellScriptBuildPhase section */

/* Begin PBXSourcesBuildPhase section */
		7C29B6981F1F47BB00361BF8 /* Sources */ = {
			isa = PBXSourcesBuildPhase;
			buildActionMask = 2147483647;
			files = (
				7C81B9F11F27287C007BCDD8 /* MineSysData.swift in Sources */,
				7C39CAC81F207C0200D3E35A /* LoginViewController.swift in Sources */,
				7CB640F01F2038FD00306499 /* GCDTask.swift in Sources */,
				7CB640F51F2038FD00306499 /* SubString.swift in Sources */,
				7C393FB81F21BCBD002CB66C /* Notification.swift in Sources */,
				7C3FB59D1F2582F800047B3A /* SwiftPch.swift in Sources */,
				7CB640EB1F2038FD00306499 /* Calculate.swift in Sources */,
				7C393FBA1F21BDA6002CB66C /* User.swift in Sources */,
				7C3FB5A31F25965100047B3A /* CheckItem.swift in Sources */,
				7C908E831F28267F0093F5A4 /* MineSystemController.swift in Sources */,
				7CB640EF1F2038FD00306499 /* Exception.swift in Sources */,
				7CB640D81F20326D00306499 /* IMAppDelegate.swift in Sources */,
				7CB640EC1F2038FD00306499 /* ColorSet.swift in Sources */,
				7CB640ED1F2038FD00306499 /* Combines.m in Sources */,
				7CB640EE1F2038FD00306499 /* DataFormatterSet.swift in Sources */,
				7CB640F91F203B1400306499 /* AppVersion.swift in Sources */,
				7CB640F21F2038FD00306499 /* ImageSet.swift in Sources */,
				7C3FB5AC1F25D78200047B3A /* MineViewController.swift in Sources */,
				7C7414681F286F20006CB901 /* ContainnerViewController.swift in Sources */,
				7C3FB5A61F25BE4A00047B3A /* MainViewController.swift in Sources */,
				7C74146C1F2878B9006CB901 /* OnlinePeople.swift in Sources */,
				7C74146A1F287526006CB901 /* ViewHolder.swift in Sources */,
				7C81B9EE1F2727F5007BCDD8 /* MineViewCell.swift in Sources */,
				7CB640FB1F203F8500306499 /* IMConstants.swift in Sources */,
				7C3FB59F1F258E5100047B3A /* Constants.swift in Sources */,
			);
			runOnlyForDeploymentPostprocessing = 0;
		};
		7C29B6AC1F1F47BB00361BF8 /* Sources */ = {
			isa = PBXSourcesBuildPhase;
			buildActionMask = 2147483647;
			files = (
				7C29B6B51F1F47BB00361BF8 /* SwiftIMTests.swift in Sources */,
			);
			runOnlyForDeploymentPostprocessing = 0;
		};
		7C29B6B71F1F47BB00361BF8 /* Sources */ = {
			isa = PBXSourcesBuildPhase;
			buildActionMask = 2147483647;
			files = (
				7C29B6C01F1F47BB00361BF8 /* SwiftIMUITests.swift in Sources */,
			);
			runOnlyForDeploymentPostprocessing = 0;
		};
/* End PBXSourcesBuildPhase section */

/* Begin PBXTargetDependency section */
		7C29B6B21F1F47BB00361BF8 /* PBXTargetDependency */ = {
			isa = PBXTargetDependency;
			target = 7C29B69B1F1F47BB00361BF8 /* SwiftIM */;
			targetProxy = 7C29B6B11F1F47BB00361BF8 /* PBXContainerItemProxy */;
		};
		7C29B6BD1F1F47BB00361BF8 /* PBXTargetDependency */ = {
			isa = PBXTargetDependency;
			target = 7C29B69B1F1F47BB00361BF8 /* SwiftIM */;
			targetProxy = 7C29B6BC1F1F47BB00361BF8 /* PBXContainerItemProxy */;
		};
/* End PBXTargetDependency section */

/* Begin PBXVariantGroup section */
		7C29B6A31F1F47BB00361BF8 /* Main.storyboard */ = {
			isa = PBXVariantGroup;
			children = (
				7C29B6A41F1F47BB00361BF8 /* Base */,
			);
			name = Main.storyboard;
			sourceTree = "<group>";
		};
		7C29B6A81F1F47BB00361BF8 /* LaunchScreen.storyboard */ = {
			isa = PBXVariantGroup;
			children = (
				7C29B6A91F1F47BB00361BF8 /* Base */,
			);
			name = LaunchScreen.storyboard;
			sourceTree = "<group>";
		};
/* End PBXVariantGroup section */

/* Begin XCBuildConfiguration section */
		7C29B6C21F1F47BB00361BF8 /* Debug */ = {
			isa = XCBuildConfiguration;
			buildSettings = {
				ALWAYS_SEARCH_USER_PATHS = NO;
				CLANG_ANALYZER_NONNULL = YES;
				CLANG_CXX_LANGUAGE_STANDARD = "gnu++0x";
				CLANG_CXX_LIBRARY = "libc++";
				CLANG_ENABLE_MODULES = YES;
				CLANG_ENABLE_OBJC_ARC = YES;
				CLANG_WARN_BOOL_CONVERSION = YES;
				CLANG_WARN_CONSTANT_CONVERSION = YES;
				CLANG_WARN_DIRECT_OBJC_ISA_USAGE = YES_ERROR;
				CLANG_WARN_DOCUMENTATION_COMMENTS = YES;
				CLANG_WARN_EMPTY_BODY = YES;
				CLANG_WARN_ENUM_CONVERSION = YES;
				CLANG_WARN_INFINITE_RECURSION = YES;
				CLANG_WARN_INT_CONVERSION = YES;
				CLANG_WARN_OBJC_ROOT_CLASS = YES_ERROR;
				CLANG_WARN_SUSPICIOUS_MOVES = YES;
				CLANG_WARN_UNREACHABLE_CODE = YES;
				CLANG_WARN__DUPLICATE_METHOD_MATCH = YES;
				"CODE_SIGN_IDENTITY[sdk=iphoneos*]" = "iPhone Developer";
				COPY_PHASE_STRIP = NO;
				DEBUG_INFORMATION_FORMAT = dwarf;
				ENABLE_STRICT_OBJC_MSGSEND = YES;
				ENABLE_TESTABILITY = YES;
				GCC_C_LANGUAGE_STANDARD = gnu99;
				GCC_DYNAMIC_NO_PIC = NO;
				GCC_NO_COMMON_BLOCKS = YES;
				GCC_OPTIMIZATION_LEVEL = 0;
				GCC_PREPROCESSOR_DEFINITIONS = (
					"DEBUG=1",
					"$(inherited)",
				);
				GCC_WARN_64_TO_32_BIT_CONVERSION = YES;
				GCC_WARN_ABOUT_RETURN_TYPE = YES_ERROR;
				GCC_WARN_UNDECLARED_SELECTOR = YES;
				GCC_WARN_UNINITIALIZED_AUTOS = YES_AGGRESSIVE;
				GCC_WARN_UNUSED_FUNCTION = YES;
				GCC_WARN_UNUSED_VARIABLE = YES;
				IPHONEOS_DEPLOYMENT_TARGET = 10.0;
				MTL_ENABLE_DEBUG_INFO = YES;
				ONLY_ACTIVE_ARCH = YES;
				SDKROOT = iphoneos;
				SWIFT_ACTIVE_COMPILATION_CONDITIONS = DEBUG;
				SWIFT_OPTIMIZATION_LEVEL = "-Onone";
				TARGETED_DEVICE_FAMILY = "1,2";
			};
			name = Debug;
		};
		7C29B6C31F1F47BB00361BF8 /* Release */ = {
			isa = XCBuildConfiguration;
			buildSettings = {
				ALWAYS_SEARCH_USER_PATHS = NO;
				CLANG_ANALYZER_NONNULL = YES;
				CLANG_CXX_LANGUAGE_STANDARD = "gnu++0x";
				CLANG_CXX_LIBRARY = "libc++";
				CLANG_ENABLE_MODULES = YES;
				CLANG_ENABLE_OBJC_ARC = YES;
				CLANG_WARN_BOOL_CONVERSION = YES;
				CLANG_WARN_CONSTANT_CONVERSION = YES;
				CLANG_WARN_DIRECT_OBJC_ISA_USAGE = YES_ERROR;
				CLANG_WARN_DOCUMENTATION_COMMENTS = YES;
				CLANG_WARN_EMPTY_BODY = YES;
				CLANG_WARN_ENUM_CONVERSION = YES;
				CLANG_WARN_INFINITE_RECURSION = YES;
				CLANG_WARN_INT_CONVERSION = YES;
				CLANG_WARN_OBJC_ROOT_CLASS = YES_ERROR;
				CLANG_WARN_SUSPICIOUS_MOVES = YES;
				CLANG_WARN_UNREACHABLE_CODE = YES;
				CLANG_WARN__DUPLICATE_METHOD_MATCH = YES;
				"CODE_SIGN_IDENTITY[sdk=iphoneos*]" = "iPhone Developer";
				COPY_PHASE_STRIP = NO;
				DEBUG_INFORMATION_FORMAT = "dwarf-with-dsym";
				ENABLE_NS_ASSERTIONS = NO;
				ENABLE_STRICT_OBJC_MSGSEND = YES;
				GCC_C_LANGUAGE_STANDARD = gnu99;
				GCC_NO_COMMON_BLOCKS = YES;
				GCC_WARN_64_TO_32_BIT_CONVERSION = YES;
				GCC_WARN_ABOUT_RETURN_TYPE = YES_ERROR;
				GCC_WARN_UNDECLARED_SELECTOR = YES;
				GCC_WARN_UNINITIALIZED_AUTOS = YES_AGGRESSIVE;
				GCC_WARN_UNUSED_FUNCTION = YES;
				GCC_WARN_UNUSED_VARIABLE = YES;
				IPHONEOS_DEPLOYMENT_TARGET = 10.0;
				MTL_ENABLE_DEBUG_INFO = NO;
				SDKROOT = iphoneos;
				SWIFT_OPTIMIZATION_LEVEL = "-Owholemodule";
				TARGETED_DEVICE_FAMILY = "1,2";
				VALIDATE_PRODUCT = YES;
			};
			name = Release;
		};
		7C29B6C51F1F47BB00361BF8 /* Debug */ = {
			isa = XCBuildConfiguration;
			baseConfigurationReference = 5D373A41B4F96DE036072E18 /* Pods-SwiftIM.debug.xcconfig */;
			buildSettings = {
				ASSETCATALOG_COMPILER_APPICON_NAME = AppIcon;
				CLANG_ENABLE_MODULES = YES;
				DEVELOPMENT_TEAM = AC38JVAR6N;
				INFOPLIST_FILE = SwiftIM/Info.plist;
				LD_RUNPATH_SEARCH_PATHS = "$(inherited) @executable_path/Frameworks";
				PRODUCT_BUNDLE_IDENTIFIER = cn.com.rooten.SwiftIM;
				PRODUCT_NAME = "$(TARGET_NAME)";
				SWIFT_OBJC_BRIDGING_HEADER = "SwiftIM/SwiftIM-Bridging-Header.h";
				SWIFT_OPTIMIZATION_LEVEL = "-Onone";
				SWIFT_VERSION = 3.0;
			};
			name = Debug;
		};
		7C29B6C61F1F47BB00361BF8 /* Release */ = {
			isa = XCBuildConfiguration;
			baseConfigurationReference = 07D294FF3C42D4A2DAF9AF1F /* Pods-SwiftIM.release.xcconfig */;
			buildSettings = {
				ASSETCATALOG_COMPILER_APPICON_NAME = AppIcon;
				CLANG_ENABLE_MODULES = YES;
				DEVELOPMENT_TEAM = AC38JVAR6N;
				INFOPLIST_FILE = SwiftIM/Info.plist;
				LD_RUNPATH_SEARCH_PATHS = "$(inherited) @executable_path/Frameworks";
				PRODUCT_BUNDLE_IDENTIFIER = cn.com.rooten.SwiftIM;
				PRODUCT_NAME = "$(TARGET_NAME)";
				SWIFT_OBJC_BRIDGING_HEADER = "SwiftIM/SwiftIM-Bridging-Header.h";
				SWIFT_VERSION = 3.0;
			};
			name = Release;
		};
		7C29B6C81F1F47BB00361BF8 /* Debug */ = {
			isa = XCBuildConfiguration;
			buildSettings = {
				ALWAYS_EMBED_SWIFT_STANDARD_LIBRARIES = YES;
				BUNDLE_LOADER = "$(TEST_HOST)";
				DEVELOPMENT_TEAM = AC38JVAR6N;
				INFOPLIST_FILE = SwiftIMTests/Info.plist;
				LD_RUNPATH_SEARCH_PATHS = "$(inherited) @executable_path/Frameworks @loader_path/Frameworks";
				PRODUCT_BUNDLE_IDENTIFIER = cn.com.rooten.SwiftIMTests;
				PRODUCT_NAME = "$(TARGET_NAME)";
				SWIFT_VERSION = 3.0;
				TEST_HOST = "$(BUILT_PRODUCTS_DIR)/SwiftIM.app/SwiftIM";
			};
			name = Debug;
		};
		7C29B6C91F1F47BB00361BF8 /* Release */ = {
			isa = XCBuildConfiguration;
			buildSettings = {
				ALWAYS_EMBED_SWIFT_STANDARD_LIBRARIES = YES;
				BUNDLE_LOADER = "$(TEST_HOST)";
				DEVELOPMENT_TEAM = AC38JVAR6N;
				INFOPLIST_FILE = SwiftIMTests/Info.plist;
				LD_RUNPATH_SEARCH_PATHS = "$(inherited) @executable_path/Frameworks @loader_path/Frameworks";
				PRODUCT_BUNDLE_IDENTIFIER = cn.com.rooten.SwiftIMTests;
				PRODUCT_NAME = "$(TARGET_NAME)";
				SWIFT_VERSION = 3.0;
				TEST_HOST = "$(BUILT_PRODUCTS_DIR)/SwiftIM.app/SwiftIM";
			};
			name = Release;
		};
		7C29B6CB1F1F47BB00361BF8 /* Debug */ = {
			isa = XCBuildConfiguration;
			buildSettings = {
				ALWAYS_EMBED_SWIFT_STANDARD_LIBRARIES = YES;
				DEVELOPMENT_TEAM = AC38JVAR6N;
				INFOPLIST_FILE = SwiftIMUITests/Info.plist;
				LD_RUNPATH_SEARCH_PATHS = "$(inherited) @executable_path/Frameworks @loader_path/Frameworks";
				PRODUCT_BUNDLE_IDENTIFIER = cn.com.rooten.SwiftIMUITests;
				PRODUCT_NAME = "$(TARGET_NAME)";
				SWIFT_VERSION = 3.0;
				TEST_TARGET_NAME = SwiftIM;
			};
			name = Debug;
		};
		7C29B6CC1F1F47BB00361BF8 /* Release */ = {
			isa = XCBuildConfiguration;
			buildSettings = {
				ALWAYS_EMBED_SWIFT_STANDARD_LIBRARIES = YES;
				DEVELOPMENT_TEAM = AC38JVAR6N;
				INFOPLIST_FILE = SwiftIMUITests/Info.plist;
				LD_RUNPATH_SEARCH_PATHS = "$(inherited) @executable_path/Frameworks @loader_path/Frameworks";
				PRODUCT_BUNDLE_IDENTIFIER = cn.com.rooten.SwiftIMUITests;
				PRODUCT_NAME = "$(TARGET_NAME)";
				SWIFT_VERSION = 3.0;
				TEST_TARGET_NAME = SwiftIM;
			};
			name = Release;
		};
/* End XCBuildConfiguration section */

/* Begin XCConfigurationList section */
		7C29B6971F1F47BB00361BF8 /* Build configuration list for PBXProject "SwiftIM" */ = {
			isa = XCConfigurationList;
			buildConfigurations = (
				7C29B6C21F1F47BB00361BF8 /* Debug */,
				7C29B6C31F1F47BB00361BF8 /* Release */,
			);
			defaultConfigurationIsVisible = 0;
			defaultConfigurationName = Release;
		};
		7C29B6C41F1F47BB00361BF8 /* Build configuration list for PBXNativeTarget "SwiftIM" */ = {
			isa = XCConfigurationList;
			buildConfigurations = (
				7C29B6C51F1F47BB00361BF8 /* Debug */,
				7C29B6C61F1F47BB00361BF8 /* Release */,
			);
			defaultConfigurationIsVisible = 0;
			defaultConfigurationName = Release;
		};
		7C29B6C71F1F47BB00361BF8 /* Build configuration list for PBXNativeTarget "SwiftIMTests" */ = {
			isa = XCConfigurationList;
			buildConfigurations = (
				7C29B6C81F1F47BB00361BF8 /* Debug */,
				7C29B6C91F1F47BB00361BF8 /* Release */,
			);
			defaultConfigurationIsVisible = 0;
			defaultConfigurationName = Release;
		};
		7C29B6CA1F1F47BB00361BF8 /* Build configuration list for PBXNativeTarget "SwiftIMUITests" */ = {
			isa = XCConfigurationList;
			buildConfigurations = (
				7C29B6CB1F1F47BB00361BF8 /* Debug */,
				7C29B6CC1F1F47BB00361BF8 /* Release */,
			);
			defaultConfigurationIsVisible = 0;
			defaultConfigurationName = Release;
		};
/* End XCConfigurationList section */
	};
	rootObject = 7C29B6941F1F47BB00361BF8 /* Project object */;
}
